<?xml version="1.0" encoding="utf-8"?>
<Project ToolsVersion="4.0" xmlns="http://schemas.microsoft.com/developer/msbuild/2003">
  <ItemGroup>
    <Filter Include="Source Files">
      <UniqueIdentifier>{4FC737F1-C7A5-4376-A066-2A32D752A2FF}</UniqueIdentifier>
      <Extensions>cpp;c;cc;cxx;def;odl;idl;hpj;bat;asm;asmx</Extensions>
    </Filter>
    <Filter Include="Header Files">
      <UniqueIdentifier>{93995380-89BD-4b04-88EB-625FBE52EBFB}</UniqueIdentifier>
      <Extensions>h;hpp;hxx;hm;inl;inc;xsd</Extensions>
    </Filter>
    <Filter Include="Resource Files">
      <UniqueIdentifier>{67DA6AB6-F800-4c08-8B7A-83BB121AAD01}</UniqueIdentifier>
      <Extensions>rc;ico;cur;bmp;dlg;rc2;rct;bin;rgs;gif;jpg;jpeg;jpe;resx;tiff;tif;png;wav;mfcribbon-ms</Extensions>
    </Filter>
  </ItemGroup>
  <ItemGroup>
    <None Include="ReadMe.txt" />
  </ItemGroup>
  <ItemGroup>
    <ClCompile Include="AnsHeap.cpp">
      <Filter>Source Files</Filter>
    </ClCompile>
    <ClCompile Include="AnsStrCounts.cpp">
      <Filter>Source Files</Filter>
    </ClCompile>
    <ClCompile Include="AnswerTree.cpp">
      <Filter>Source Files</Filter>
    </ClCompile>
    <ClCompile Include="auxify.cpp">
      <Filter>Source Files</Filter>
    </ClCompile>
    <ClCompile Include="Bchart.cpp">
      <Filter>Source Files</Filter>
    </ClCompile>
    <ClCompile Include="BchartSm.cpp">
      <Filter>Source Files</Filter>
    </ClCompile>
    <ClCompile Include="Bst.cpp">
      <Filter>Source Files</Filter>
    </ClCompile>
    <ClCompile Include="Charniak.cpp">
      <Filter>Source Files</Filter>
    </ClCompile>
    <ClCompile Include="ChartBase.cpp">
      <Filter>Source Files</Filter>
    </ClCompile>
    <ClCompile Include="ClassRule.cpp">
      <Filter>Source Files</Filter>
    </ClCompile>
    <ClCompile Include="CntxArray.cpp">
      <Filter>Source Files</Filter>
    </ClCompile>
    <ClCompile Include="CombineBests.cpp">
      <Filter>Source Files</Filter>
    </ClCompile>
    <ClCompile Include="ECArgs.cpp">
      <Filter>Source Files</Filter>
    </ClCompile>
    <ClCompile Include="Edge.cpp">
      <Filter>Source Files</Filter>
    </ClCompile>
    <ClCompile Include="EdgeHeap.cpp">
      <Filter>Source Files</Filter>
    </ClCompile>
    <ClCompile Include="edgeSubFns.cpp">
      <Filter>Source Files</Filter>
    </ClCompile>
    <ClCompile Include="EgsFromTree.cpp">
      <Filter>Source Files</Filter>
    </ClCompile>
    <ClCompile Include="ewDciTokStrm.cpp">
      <Filter>Source Files</Filter>
    </ClCompile>
    <ClCompile Include="extraMain.cpp">
      <Filter>Source Files</Filter>
    </ClCompile>
    <ClCompile Include="FBinaryArray.cpp">
      <Filter>Source Files</Filter>
    </ClCompile>
    <ClCompile Include="Feat.cpp">
      <Filter>Source Files</Filter>
    </ClCompile>
    <ClCompile Include="Feature.cpp">
      <Filter>Source Files</Filter>
    </ClCompile>
    <ClCompile Include="FeatureTree.cpp">
      <Filter>Source Files</Filter>
    </ClCompile>
    <ClCompile Include="fhSubFns.cpp">
      <Filter>Source Files</Filter>
    </ClCompile>
    <ClCompile Include="Field.cpp">
      <Filter>Source Files</Filter>
    </ClCompile>
    <ClCompile Include="FullHist.cpp">
      <Filter>Source Files</Filter>
    </ClCompile>
    <ClCompile Include="GotIter.cpp">
      <Filter>Source Files</Filter>
    </ClCompile>
    <ClCompile Include="headFinder.cpp">
      <Filter>Source Files</Filter>
    </ClCompile>
    <ClCompile Include="headFinderCh.cpp">
      <Filter>Source Files</Filter>
    </ClCompile>
    <ClCompile Include="InputTree.cpp">
      <Filter>Source Files</Filter>
    </ClCompile>
    <ClCompile Include="Item.cpp">
      <Filter>Source Files</Filter>
    </ClCompile>
    <ClCompile Include="Link.cpp">
      <Filter>Source Files</Filter>
    </ClCompile>
    <ClCompile Include="MeChart.cpp">
      <Filter>Source Files</Filter>
    </ClCompile>
    <ClCompile Include="oparseIt.cpp">
      <Filter>Source Files</Filter>
    </ClCompile>
    <ClCompile Include="Params.cpp">
      <Filter>Source Files</Filter>
    </ClCompile>
    <ClCompile Include="ParseStats.cpp">
      <Filter>Source Files</Filter>
    </ClCompile>
    <ClCompile Include="ScoreTree.cpp">
      <Filter>Source Files</Filter>
    </ClCompile>
    <ClCompile Include="SentRep.cpp">
      <Filter>Source Files</Filter>
    </ClCompile>
    <ClCompile Include="stdafx.cpp">
      <Filter>Source Files</Filter>
    </ClCompile>
    <ClCompile Include="Term.cpp">
      <Filter>Source Files</Filter>
    </ClCompile>
    <ClCompile Include="TimeIt.cpp">
      <Filter>Source Files</Filter>
    </ClCompile>
    <ClCompile Include="UnitRules.cpp">
      <Filter>Source Files</Filter>
    </ClCompile>
    <ClCompile Include="utils.cpp">
      <Filter>Source Files</Filter>
    </ClCompile>
    <ClCompile Include="ValHeap.cpp">
      <Filter>Source Files</Filter>
    </ClCompile>
  </ItemGroup>
  <ItemGroup>
    <ClInclude Include="AnsHeap.h">
      <Filter>Header Files</Filter>
    </ClInclude>
    <ClInclude Include="AnswerTree.h">
      <Filter>Header Files</Filter>
    </ClInclude>
    <ClInclude Include="auxify.h">
      <Filter>Header Files</Filter>
    </ClInclude>
    <ClInclude Include="Bchart.h">
      <Filter>Header Files</Filter>
    </ClInclude>
    <ClInclude Include="Bst.h">
      <Filter>Header Files</Filter>
    </ClInclude>
    <ClInclude Include="ChartBase.h">
      <Filter>Header Files</Filter>
    </ClInclude>
    <ClInclude Include="ClassRule.h">
      <Filter>Header Files</Filter>
    </ClInclude>
    <ClInclude Include="CntxArray.h">
      <Filter>Header Files</Filter>
    </ClInclude>
    <ClInclude Include="CombineBests.h">
      <Filter>Header Files</Filter>
    </ClInclude>
    <ClInclude Include="ECArgs.h">
      <Filter>Header Files</Filter>
    </ClInclude>
    <ClInclude Include="ECString.h">
      <Filter>Header Files</Filter>
    </ClInclude>
    <ClInclude Include="Edge.h">
      <Filter>Header Files</Filter>
    </ClInclude>
    <ClInclude Include="EdgeHeap.h">
      <Filter>Header Files</Filter>
    </ClInclude>
    <ClInclude Include="edgeSubFns.h">
      <Filter>Header Files</Filter>
    </ClInclude>
    <ClInclude Include="ewDciTokStrm.h">
      <Filter>Header Files</Filter>
    </ClInclude>
    <ClInclude Include="extraMain.h">
      <Filter>Header Files</Filter>
    </ClInclude>
    <ClInclude Include="FBinaryArray.h">
      <Filter>Header Files</Filter>
    </ClInclude>
    <ClInclude Include="Feat.h">
      <Filter>Header Files</Filter>
    </ClInclude>
    <ClInclude Include="Feature.h">
      <Filter>Header Files</Filter>
    </ClInclude>
    <ClInclude Include="FeatureTree.h">
      <Filter>Header Files</Filter>
    </ClInclude>
    <ClInclude Include="fhSubFns.h">
      <Filter>Header Files</Filter>
    </ClInclude>
    <ClInclude Include="Field.h">
      <Filter>Header Files</Filter>
    </ClInclude>
    <ClInclude Include="FullHist.h">
      <Filter>Header Files</Filter>
    </ClInclude>
    <ClInclude Include="GotIter.h">
      <Filter>Header Files</Filter>
    </ClInclude>
    <ClInclude Include="headFinder.h">
      <Filter>Header Files</Filter>
    </ClInclude>
    <ClInclude Include="headFinderCh.h">
      <Filter>Header Files</Filter>
    </ClInclude>
    <ClInclude Include="InputTree.h">
      <Filter>Header Files</Filter>
    </ClInclude>
    <ClInclude Include="Item.h">
      <Filter>Header Files</Filter>
    </ClInclude>
    <ClInclude Include="Link.h">
      <Filter>Header Files</Filter>
    </ClInclude>
    <ClInclude Include="MeChart.h">
      <Filter>Header Files</Filter>
    </ClInclude>
    <ClInclude Include="Params.h">
      <Filter>Header Files</Filter>
    </ClInclude>
    <ClInclude Include="ParseStats.h">
      <Filter>Header Files</Filter>
    </ClInclude>
    <ClInclude Include="ScoreTree.h">
      <Filter>Header Files</Filter>
    </ClInclude>
    <ClInclude Include="SentRep.h">
      <Filter>Header Files</Filter>
    </ClInclude>
    <ClInclude Include="stdafx.h">
      <Filter>Header Files</Filter>
    </ClInclude>
    <ClInclude Include="targetver.h">
      <Filter>Header Files</Filter>
    </ClInclude>
    <ClInclude Include="Term.h">
      <Filter>Header Files</Filter>
    </ClInclude>
    <ClInclude Include="TimeIt.h">
      <Filter>Header Files</Filter>
    </ClInclude>
    <ClInclude Include="UnitRules.h">
      <Filter>Header Files</Filter>
    </ClInclude>
    <ClInclude Include="utils.h">
      <Filter>Header Files</Filter>
    </ClInclude>
    <ClInclude Include="ValHeap.h">
      <Filter>Header Files</Filter>
    </ClInclude>
    <ClInclude Include="Wrd.h">
      <Filter>Header Files</Filter>
    </ClInclude>
  </ItemGroup>
</Project>